
Microsoft Visual Studio Solution File, Format Version 12.00
# Visual Studio 14
VisualStudioVersion = 14.0.25420.1
MinimumVisualStudioVersion = 10.0.40219.1
Project("{8BC9CEB8-8B4A-11D0-8D11-00A0C91BC942}") = "GameServer", "GameServer\GameServer.vcxproj", "{95CE79B6-5FF0-476A-857E-54BD5CB33DFE}"
EndProject
Project("{8BC9CEB8-8B4A-11D0-8D11-00A0C91BC942}") = "PluginBase", "PluginBase\PluginBase.vcxproj", "{B3EE126D-7C32-49F9-A849-C58ED9BD0E5C}"
EndProject
Project("{8BC9CEB8-8B4A-11D0-8D11-00A0C91BC942}") = "IOCP", "IOCP\IOCP.vcxproj", "{FB784B33-2455-48C7-BEA5-6765556B58AD}"
EndProject
Project("{8BC9CEB8-8B4A-11D0-8D11-00A0C91BC942}") = "Console", "Console\Console.vcxproj", "{DC3AB198-22BA-4219-8E61-9EFC20283123}"
EndProject
Project("{8BC9CEB8-8B4A-11D0-8D11-00A0C91BC942}") = "MuCore", "MuCore\MuCore.vcxproj", "{E4E3B472-DAFC-4AB3-9C3D-037389007459}"
EndProject
Project("{8BC9CEB8-8B4A-11D0-8D11-00A0C91BC942}") = "JSCore", "JSCore\JSCore.vcxproj", "{CB43F3BB-8FA3-4AEC-B852-A68C75901FCB}"
EndProject
Project("{8BC9CEB8-8B4A-11D0-8D11-00A0C91BC942}") = "Protocol", "Protocol\Protocol.vcxproj", "{C8D9F47F-3974-4160-83CE-C902091B6401}"
EndProject
Project("{8BC9CEB8-8B4A-11D0-8D11-00A0C91BC942}") = "ObjCore", "ObjCore\ObjCore.vcxproj", "{4A0F48EB-2E67-4F2E-8F63-8877AB9CE799}"
EndProject
Project("{8BC9CEB8-8B4A-11D0-8D11-00A0C91BC942}") = "SimpleModulus", "SimpleModulus\SimpleModulus.vcxproj", "{17A0C919-648B-4B77-BE93-3CDEFFE5CAAA}"
EndProject
Project("{8BC9CEB8-8B4A-11D0-8D11-00A0C91BC942}") = "DSCore", "DSCore\DSCore.vcxproj", "{5A2EDE4A-51AA-4C0C-8058-9ED9053F30CE}"
EndProject
Global
	GlobalSection(SolutionConfigurationPlatforms) = preSolution
		Debug|x64 = Debug|x64
		Debug|x86 = Debug|x86
		Release|x64 = Release|x64
		Release|x86 = Release|x86
	EndGlobalSection
	GlobalSection(ProjectConfigurationPlatforms) = postSolution
		{95CE79B6-5FF0-476A-857E-54BD5CB33DFE}.Debug|x64.ActiveCfg = Debug|x64
		{95CE79B6-5FF0-476A-857E-54BD5CB33DFE}.Debug|x64.Build.0 = Debug|x64
		{95CE79B6-5FF0-476A-857E-54BD5CB33DFE}.Debug|x86.ActiveCfg = Debug|Win32
		{95CE79B6-5FF0-476A-857E-54BD5CB33DFE}.Debug|x86.Build.0 = Debug|Win32
		{95CE79B6-5FF0-476A-857E-54BD5CB33DFE}.Release|x64.ActiveCfg = Release|x64
		{95CE79B6-5FF0-476A-857E-54BD5CB33DFE}.Release|x64.Build.0 = Release|x64
		{95CE79B6-5FF0-476A-857E-54BD5CB33DFE}.Release|x86.ActiveCfg = Release|Win32
		{95CE79B6-5FF0-476A-857E-54BD5CB33DFE}.Release|x86.Build.0 = Release|Win32
		{B3EE126D-7C32-49F9-A849-C58ED9BD0E5C}.Debug|x64.ActiveCfg = Debug|x64
		{B3EE126D-7C32-49F9-A849-C58ED9BD0E5C}.Debug|x64.Build.0 = Debug|x64
		{B3EE126D-7C32-49F9-A849-C58ED9BD0E5C}.Debug|x86.ActiveCfg = Debug|Win32
		{B3EE126D-7C32-49F9-A849-C58ED9BD0E5C}.Debug|x86.Build.0 = Debug|Win32
		{B3EE126D-7C32-49F9-A849-C58ED9BD0E5C}.Release|x64.ActiveCfg = Release|x64
		{B3EE126D-7C32-49F9-A849-C58ED9BD0E5C}.Release|x64.Build.0 = Release|x64
		{B3EE126D-7C32-49F9-A849-C58ED9BD0E5C}.Release|x86.ActiveCfg = Release|Win32
		{B3EE126D-7C32-49F9-A849-C58ED9BD0E5C}.Release|x86.Build.0 = Release|Win32
		{FB784B33-2455-48C7-BEA5-6765556B58AD}.Debug|x64.ActiveCfg = Debug|x64
		{FB784B33-2455-48C7-BEA5-6765556B58AD}.Debug|x64.Build.0 = Debug|x64
		{FB784B33-2455-48C7-BEA5-6765556B58AD}.Debug|x86.ActiveCfg = Debug|Win32
		{FB784B33-2455-48C7-BEA5-6765556B58AD}.Debug|x86.Build.0 = Debug|Win32
		{FB784B33-2455-48C7-BEA5-6765556B58AD}.Release|x64.ActiveCfg = Release|x64
		{FB784B33-2455-48C7-BEA5-6765556B58AD}.Release|x64.Build.0 = Release|x64
		{FB784B33-2455-48C7-BEA5-6765556B58AD}.Release|x86.ActiveCfg = Release|Win32
		{FB784B33-2455-48C7-BEA5-6765556B58AD}.Release|x86.Build.0 = Release|Win32
		{DC3AB198-22BA-4219-8E61-9EFC20283123}.Debug|x64.ActiveCfg = Debug|x64
		{DC3AB198-22BA-4219-8E61-9EFC20283123}.Debug|x64.Build.0 = Debug|x64
		{DC3AB198-22BA-4219-8E61-9EFC20283123}.Debug|x86.ActiveCfg = Debug|Win32
		{DC3AB198-22BA-4219-8E61-9EFC20283123}.Debug|x86.Build.0 = Debug|Win32
		{DC3AB198-22BA-4219-8E61-9EFC20283123}.Release|x64.ActiveCfg = Release|x64
		{DC3AB198-22BA-4219-8E61-9EFC20283123}.Release|x64.Build.0 = Release|x64
		{DC3AB198-22BA-4219-8E61-9EFC20283123}.Release|x86.ActiveCfg = Release|Win32
		{DC3AB198-22BA-4219-8E61-9EFC20283123}.Release|x86.Build.0 = Release|Win32
		{E4E3B472-DAFC-4AB3-9C3D-037389007459}.Debug|x64.ActiveCfg = Debug|x64
		{E4E3B472-DAFC-4AB3-9C3D-037389007459}.Debug|x64.Build.0 = Debug|x64
		{E4E3B472-DAFC-4AB3-9C3D-037389007459}.Debug|x86.ActiveCfg = Debug|Win32
		{E4E3B472-DAFC-4AB3-9C3D-037389007459}.Debug|x86.Build.0 = Debug|Win32
		{E4E3B472-DAFC-4AB3-9C3D-037389007459}.Release|x64.ActiveCfg = Release|x64
		{E4E3B472-DAFC-4AB3-9C3D-037389007459}.Release|x64.Build.0 = Release|x64
		{E4E3B472-DAFC-4AB3-9C3D-037389007459}.Release|x86.ActiveCfg = Release|Win32
		{E4E3B472-DAFC-4AB3-9C3D-037389007459}.Release|x86.Build.0 = Release|Win32
		{CB43F3BB-8FA3-4AEC-B852-A68C75901FCB}.Debug|x64.ActiveCfg = Debug|x64
		{CB43F3BB-8FA3-4AEC-B852-A68C75901FCB}.Debug|x64.Build.0 = Debug|x64
		{CB43F3BB-8FA3-4AEC-B852-A68C75901FCB}.Debug|x86.ActiveCfg = Debug|Win32
		{CB43F3BB-8FA3-4AEC-B852-A68C75901FCB}.Debug|x86.Build.0 = Debug|Win32
		{CB43F3BB-8FA3-4AEC-B852-A68C75901FCB}.Release|x64.ActiveCfg = Release|x64
		{CB43F3BB-8FA3-4AEC-B852-A68C75901FCB}.Release|x64.Build.0 = Release|x64
		{CB43F3BB-8FA3-4AEC-B852-A68C75901FCB}.Release|x86.ActiveCfg = Release|Win32
		{CB43F3BB-8FA3-4AEC-B852-A68C75901FCB}.Release|x86.Build.0 = Release|Win32
		{C8D9F47F-3974-4160-83CE-C902091B6401}.Debug|x64.ActiveCfg = Debug|x64
		{C8D9F47F-3974-4160-83CE-C902091B6401}.Debug|x64.Build.0 = Debug|x64
		{C8D9F47F-3974-4160-83CE-C902091B6401}.Debug|x86.ActiveCfg = Debug|Win32
		{C8D9F47F-3974-4160-83CE-C902091B6401}.Debug|x86.Build.0 = Debug|Win32
		{C8D9F47F-3974-4160-83CE-C902091B6401}.Release|x64.ActiveCfg = Release|x64
		{C8D9F47F-3974-4160-83CE-C902091B6401}.Release|x64.Build.0 = Release|x64
		{C8D9F47F-3974-4160-83CE-C902091B6401}.Release|x86.ActiveCfg = Release|Win32
		{C8D9F47F-3974-4160-83CE-C902091B6401}.Release|x86.Build.0 = Release|Win32
		{4A0F48EB-2E67-4F2E-8F63-8877AB9CE799}.Debug|x64.ActiveCfg = Debug|x64
		{4A0F48EB-2E67-4F2E-8F63-8877AB9CE799}.Debug|x64.Build.0 = Debug|x64
		{4A0F48EB-2E67-4F2E-8F63-8877AB9CE799}.Debug|x86.ActiveCfg = Debug|Win32
		{4A0F48EB-2E67-4F2E-8F63-8877AB9CE799}.Debug|x86.Build.0 = Debug|Win32
		{4A0F48EB-2E67-4F2E-8F63-8877AB9CE799}.Release|x64.ActiveCfg = Release|x64
		{4A0F48EB-2E67-4F2E-8F63-8877AB9CE799}.Release|x64.Build.0 = Release|x64
		{4A0F48EB-2E67-4F2E-8F63-8877AB9CE799}.Release|x86.ActiveCfg = Release|Win32
		{4A0F48EB-2E67-4F2E-8F63-8877AB9CE799}.Release|x86.Build.0 = Release|Win32
		{17A0C919-648B-4B77-BE93-3CDEFFE5CAAA}.Debug|x64.ActiveCfg = Debug|x64
		{17A0C919-648B-4B77-BE93-3CDEFFE5CAAA}.Debug|x64.Build.0 = Debug|x64
		{17A0C919-648B-4B77-BE93-3CDEFFE5CAAA}.Debug|x86.ActiveCfg = Debug|Win32
		{17A0C919-648B-4B77-BE93-3CDEFFE5CAAA}.Debug|x86.Build.0 = Debug|Win32
		{17A0C919-648B-4B77-BE93-3CDEFFE5CAAA}.Release|x64.ActiveCfg = Release|x64
		{17A0C919-648B-4B77-BE93-3CDEFFE5CAAA}.Release|x64.Build.0 = Release|x64
		{17A0C919-648B-4B77-BE93-3CDEFFE5CAAA}.Release|x86.ActiveCfg = Release|Win32
		{17A0C919-648B-4B77-BE93-3CDEFFE5CAAA}.Release|x86.Build.0 = Release|Win32
		{5A2EDE4A-51AA-4C0C-8058-9ED9053F30CE}.Debug|x64.ActiveCfg = Debug|x64
		{5A2EDE4A-51AA-4C0C-8058-9ED9053F30CE}.Debug|x64.Build.0 = Debug|x64
		{5A2EDE4A-51AA-4C0C-8058-9ED9053F30CE}.Debug|x86.ActiveCfg = Debug|Win32
		{5A2EDE4A-51AA-4C0C-8058-9ED9053F30CE}.Debug|x86.Build.0 = Debug|Win32
		{5A2EDE4A-51AA-4C0C-8058-9ED9053F30CE}.Release|x64.ActiveCfg = Release|x64
		{5A2EDE4A-51AA-4C0C-8058-9ED9053F30CE}.Release|x64.Build.0 = Release|x64
		{5A2EDE4A-51AA-4C0C-8058-9ED9053F30CE}.Release|x86.ActiveCfg = Release|Win32
		{5A2EDE4A-51AA-4C0C-8058-9ED9053F30CE}.Release|x86.Build.0 = Release|Win32
	EndGlobalSection
	GlobalSection(SolutionProperties) = preSolution
		HideSolutionNode = FALSE
	EndGlobalSection
EndGlobal
